Microsoft Visual Studio Solution File, Format Version 12.00
# Visual Studio Version 17
VisualStudioVersion = 17.5.2.0
MinimumVisualStudioVersion = 10.0.40219.1
Project("{2150E333-8FDC-42A3-9474-1A3956D46DE8}") = "sdk", "sdk", "{FF13A09E-0E72-1904-124B-A4E979EF28D3}"
EndProject
Project("{2150E333-8FDC-42A3-9474-1A3956D46DE8}") = "dotnet", "dotnet", "{9D954F24-B3F1-FF05-00E7-71549D8DD0D6}"
EndProject
Project("{FAE04EC0-301F-11D3-BF4B-00C04F79EFBC}") = "Gateorix.Adapter", "sdk\dotnet\Gateorix.Adapter\Gateorix.Adapter.csproj", "{4656AD1F-2209-DDEB-1F17-AFAB2CA91114}"
EndProject
Global
	GlobalSection(SolutionConfigurationPlatforms) = preSolution
		Debug|Any CPU = Debug|Any CPU
		Release|Any CPU = Release|Any CPU
	EndGlobalSection
	GlobalSection(ProjectConfigurationPlatforms) = postSolution
		{4656AD1F-2209-DDEB-1F17-AFAB2CA91114}.Debug|Any CPU.ActiveCfg = Debug|Any CPU
		{4656AD1F-2209-DDEB-1F17-AFAB2CA91114}.Debug|Any CPU.Build.0 = Debug|Any CPU
		{4656AD1F-2209-DDEB-1F17-AFAB2CA91114}.Release|Any CPU.ActiveCfg = Release|Any CPU
		{4656AD1F-2209-DDEB-1F17-AFAB2CA91114}.Release|Any CPU.Build.0 = Release|Any CPU
	EndGlobalSection
	GlobalSection(SolutionProperties) = preSolution
		HideSolutionNode = FALSE
	EndGlobalSection
	GlobalSection(NestedProjects) = preSolution
		{9D954F24-B3F1-FF05-00E7-71549D8DD0D6} = {FF13A09E-0E72-1904-124B-A4E979EF28D3}
		{4656AD1F-2209-DDEB-1F17-AFAB2CA91114} = {9D954F24-B3F1-FF05-00E7-71549D8DD0D6}
	EndGlobalSection
	GlobalSection(ExtensibilityGlobals) = postSolution
		SolutionGuid = {36CEEB8F-F35E-4BC0-A637-567F268A3ADC}
	EndGlobalSection
EndGlobal
